
Microsoft Visual Studio Solution File, Format Version 12.00
# Visual Studio Version 17
VisualStudioVersion = 17.4.33122.133
MinimumVisualStudioVersion = 10.0.40219.1
Project("{9A19103F-16F7-4668-BE54-9A1E7A4F7556}") = "CookieCookbook", "CookieCookbook.csproj", "{8316BB29-69DF-44F0-97EA-75FF7E2C87EE}"
EndProject
Global
	GlobalSection(SolutionConfigurationPlatforms) = preSolution
		Debug|Any CPU = Debug|Any CPU
		Release|Any CPU = Release|Any CPU
	EndGlobalSection
	GlobalSection(ProjectConfigurationPlatforms) = postSolution
		{8316BB29-69DF-44F0-97EA-75FF7E2C87EE}.Debug|Any CPU.ActiveCfg = Debug|Any CPU
		{8316BB29-69DF-44F0-97EA-75FF7E2C87EE}.Debug|Any CPU.Build.0 = Debug|Any CPU
		{8316BB29-69DF-44F0-97EA-75FF7E2C87EE}.Release|Any CPU.ActiveCfg = Release|Any CPU
		{8316BB29-69DF-44F0-97EA-75FF7E2C87EE}.Release|Any CPU.Build.0 = Release|Any CPU
	EndGlobalSection
	GlobalSection(SolutionProperties) = preSolution
		HideSolutionNode = FALSE
	EndGlobalSection
	GlobalSection(ExtensibilityGlobals) = postSolution
		SolutionGuid = {5AC7E0A3-5048-4561-8BE6-FE9710F13BCC}
	EndGlobalSection
EndGlobal
