
Microsoft Visual Studio Solution File, Format Version 12.00
# Visual Studio Version 17
VisualStudioVersion = 17.9.34607.119
MinimumVisualStudioVersion = 10.0.40219.1
Project("{FAE04EC0-301F-11D3-BF4B-00C04F79EFBC}") = "CookieRecipe", "CookieRecipe\CookieRecipe.csproj", "{08ABD6F9-B206-44AF-9A5F-F61A7C481376}"
EndProject
Global
	GlobalSection(SolutionConfigurationPlatforms) = preSolution
		Debug|Any CPU = Debug|Any CPU
		Release|Any CPU = Release|Any CPU
	EndGlobalSection
	GlobalSection(ProjectConfigurationPlatforms) = postSolution
		{08ABD6F9-B206-44AF-9A5F-F61A7C481376}.Debug|Any CPU.ActiveCfg = Debug|Any CPU
		{08ABD6F9-B206-44AF-9A5F-F61A7C481376}.Debug|Any CPU.Build.0 = Debug|Any CPU
		{08ABD6F9-B206-44AF-9A5F-F61A7C481376}.Release|Any CPU.ActiveCfg = Release|Any CPU
		{08ABD6F9-B206-44AF-9A5F-F61A7C481376}.Release|Any CPU.Build.0 = Release|Any CPU
	EndGlobalSection
	GlobalSection(SolutionProperties) = preSolution
		HideSolutionNode = FALSE
	EndGlobalSection
	GlobalSection(ExtensibilityGlobals) = postSolution
		SolutionGuid = {AE56A594-5162-4A72-A353-00F7F06D922D}
	EndGlobalSection
EndGlobal
