
Microsoft Visual Studio Solution File, Format Version 12.00
# Visual Studio Version 17
VisualStudioVersion = 17.9.34607.119
MinimumVisualStudioVersion = 10.0.40219.1
Project("{FAE04EC0-301F-11D3-BF4B-00C04F79EFBC}") = "AdvancedCSharpTypes", "AdvancedCSharpTypes\AdvancedCSharpTypes.csproj", "{90CE01A1-3B80-403D-977E-51AEE58D7EAE}"
EndProject
Global
	GlobalSection(SolutionConfigurationPlatforms) = preSolution
		Debug|Any CPU = Debug|Any CPU
		Release|Any CPU = Release|Any CPU
	EndGlobalSection
	GlobalSection(ProjectConfigurationPlatforms) = postSolution
		{90CE01A1-3B80-403D-977E-51AEE58D7EAE}.Debug|Any CPU.ActiveCfg = Debug|Any CPU
		{90CE01A1-3B80-403D-977E-51AEE58D7EAE}.Debug|Any CPU.Build.0 = Debug|Any CPU
		{90CE01A1-3B80-403D-977E-51AEE58D7EAE}.Release|Any CPU.ActiveCfg = Release|Any CPU
		{90CE01A1-3B80-403D-977E-51AEE58D7EAE}.Release|Any CPU.Build.0 = Release|Any CPU
	EndGlobalSection
	GlobalSection(SolutionProperties) = preSolution
		HideSolutionNode = FALSE
	EndGlobalSection
	GlobalSection(ExtensibilityGlobals) = postSolution
		SolutionGuid = {FF53D08D-8577-4C17-B68B-C76AAAF2F3F8}
	EndGlobalSection
EndGlobal
