
Microsoft Visual Studio Solution File, Format Version 12.00
# Visual Studio Version 17
VisualStudioVersion = 17.9.34607.119
MinimumVisualStudioVersion = 10.0.40219.1
Project("{FAE04EC0-301F-11D3-BF4B-00C04F79EFBC}") = "ConsoleApp3", "ConsoleApp3\ConsoleApp3.csproj", "{FA9E8F2E-8292-4671-95A8-DC796A471D97}"
EndProject
Global
	GlobalSection(SolutionConfigurationPlatforms) = preSolution
		Debug|Any CPU = Debug|Any CPU
		Release|Any CPU = Release|Any CPU
	EndGlobalSection
	GlobalSection(ProjectConfigurationPlatforms) = postSolution
		{FA9E8F2E-8292-4671-95A8-DC796A471D97}.Debug|Any CPU.ActiveCfg = Debug|Any CPU
		{FA9E8F2E-8292-4671-95A8-DC796A471D97}.Debug|Any CPU.Build.0 = Debug|Any CPU
		{FA9E8F2E-8292-4671-95A8-DC796A471D97}.Release|Any CPU.ActiveCfg = Release|Any CPU
		{FA9E8F2E-8292-4671-95A8-DC796A471D97}.Release|Any CPU.Build.0 = Release|Any CPU
	EndGlobalSection
	GlobalSection(SolutionProperties) = preSolution
		HideSolutionNode = FALSE
	EndGlobalSection
	GlobalSection(ExtensibilityGlobals) = postSolution
		SolutionGuid = {0A9594FE-00F3-49E7-A880-8EFF327B9334}
	EndGlobalSection
EndGlobal
